<?xml version="1.0" encoding="UTF-8"?>
<CONFIG>
  <ProjectOptions>
    <Version Value="11"/>
    <General>
      <SessionStorage Value="InProjectDir"/>
      <MainUnit Value="0"/>
      <Title Value="AWGG"/>
      <Scaled Value="True"/>
      <ResourceType Value="res"/>
      <UseXPManifest Value="True"/>
      <Icon Value="0"/>
    </General>
    <i18n>
      <EnableI18N Value="True"/>
      <OutDir Value="../languages"/>
    </i18n>
    <VersionInfo>
      <UseVersionInfo Value="True"/>
      <AutoIncrementBuild Value="True"/>
      <MinorVersionNr Value="6"/>
      <BuildNr Value="6033"/>
      <StringTable Comments="Advanced WGet GUI" FileDescription="Advanced WGet GUI" InternalName="AWGG" LegalCopyright="Reinier Romero Mir 2019" OriginalFilename="awgg" ProductName="AWGG" ProductVersion="0.5.1.5685"/>
    </VersionInfo>
    <BuildModes Count="13">
      <Item1 Name="Default" Default="True"/>
      <Item2 Name="Debug">
        <CompilerOptions>
          <Version Value="11"/>
          <Target>
            <Filename Value="../awgg"/>
          </Target>
          <SearchPaths>
            <IncludeFiles Value="$(ProjOutDir)"/>
            <UnitOutputDirectory Value="../units/$(TargetCPU)-$(TargetOS)-$(LCLWidgetType)"/>
          </SearchPaths>
          <Parsing>
            <SyntaxOptions>
              <IncludeAssertionCode Value="True"/>
            </SyntaxOptions>
          </Parsing>
          <CodeGeneration>
            <Checks>
              <IOChecks Value="True"/>
              <RangeChecks Value="True"/>
              <OverflowChecks Value="True"/>
              <StackChecks Value="True"/>
            </Checks>
            <Optimizations>
              <OptimizationLevel Value="0"/>
            </Optimizations>
          </CodeGeneration>
          <Linking>
            <Debugging>
              <DebugInfoType Value="dsDwarf2Set"/>
              <UseHeaptrc Value="True"/>
              <UseExternalDbgSyms Value="True"/>
            </Debugging>
          </Linking>
          <Other>
            <ExecuteBefore>
              <Command Value="$(SrcOS)-versionitis -verbose"/>
              <CompileReasons Compile="False" Build="False" Run="False"/>
            </ExecuteBefore>
          </Other>
        </CompilerOptions>
      </Item2>
      <Item3 Name="Alpha">
        <CompilerOptions>
          <Version Value="11"/>
          <Target>
            <Filename Value="../$(TargetOS)/awgg"/>
          </Target>
          <SearchPaths>
            <IncludeFiles Value="$(ProjOutDir)"/>
            <Libraries Value="/usr/lib/codetyphon/binLibraries/i386-linux;/usr/lib/codetyphon/binLibraries/i386-linux-qt4"/>
            <UnitOutputDirectory Value="lib/$(TargetCPU)-$(TargetOS)"/>
          </SearchPaths>
          <CodeGeneration>
            <SmartLinkUnit Value="True"/>
            <Optimizations>
              <OptimizationLevel Value="3"/>
            </Optimizations>
            <SmallerCode Value="True"/>
          </CodeGeneration>
          <Linking>
            <Debugging>
              <GenerateDebugInfo Value="False"/>
            </Debugging>
            <LinkSmart Value="True"/>
            <Options>
              <LinkerOptions Value="-T"/>
              <Win32>
                <GraphicApplication Value="True"/>
              </Win32>
            </Options>
          </Linking>
          <Other>
            <CustomOptions Value="-dalpha"/>
            <ExecuteBefore>
              <Command Value="$(srcOS)-versionitis -verbose"/>
            </ExecuteBefore>
          </Other>
        </CompilerOptions>
      </Item3>
      <Item4 Name="Beta">
        <CompilerOptions>
          <Version Value="11"/>
          <Target>
            <Filename Value="../awgg"/>
          </Target>
          <SearchPaths>
            <IncludeFiles Value="$(ProjOutDir)"/>
            <UnitOutputDirectory Value="../units/$(TargetCPU)-$(TargetOS)-$(LCLWidgetType)"/>
          </SearchPaths>
          <Conditionals Value="if (TargetOS = 'linux') then
begin
  LinkerOptions += ' -z relro --as-needed';
end;

if LCLWidgetType &lt;> GetIDEValue('LCLWidgetType') then
begin
  UnitPath += '$(FallbackOutputRoot)/LazControls/lib/$(TargetCPU)-$(TargetOS)/$(LCLWidgetType);';
  UnitPath += '$(FallbackOutputRoot)/SynEdit/units/$(TargetCPU)-$(TargetOS)/$(LCLWidgetType);';
end;"/>
          <Parsing>
            <SyntaxOptions>
              <IncludeAssertionCode Value="True"/>
            </SyntaxOptions>
          </Parsing>
          <CodeGeneration>
            <Checks>
              <IOChecks Value="True"/>
            </Checks>
            <TargetCPU Value="x86_64"/>
            <Optimizations>
              <OptimizationLevel Value="2"/>
            </Optimizations>
          </CodeGeneration>
          <Linking>
            <Debugging>
              <DebugInfoType Value="dsDwarf2Set"/>
              <UseLineInfoUnit Value="False"/>
              <UseExternalDbgSyms Value="True"/>
            </Debugging>
            <Options>
              <PassLinkerOptions Value="True"/>
              <Win32>
                <GraphicApplication Value="True"/>
              </Win32>
            </Options>
          </Linking>
          <Other>
            <Verbosity>
              <ShowNotes Value="False"/>
              <ShowHints Value="False"/>
            </Verbosity>
            <CustomOptions Value="-dbeta"/>
            <ExecuteBefore>
              <Command Value="$(SrcOS)-versionitis -verbose"/>
              <CompileReasons Compile="False" Build="False" Run="False"/>
            </ExecuteBefore>
          </Other>
        </CompilerOptions>
      </Item4>
      <Item5 Name="Release">
        <CompilerOptions>
          <Version Value="11"/>
          <Target>
            <Filename Value="../awgg"/>
          </Target>
          <SearchPaths>
            <IncludeFiles Value="$(ProjOutDir)"/>
            <UnitOutputDirectory Value="../units/$(TargetCPU)-$(TargetOS)-$(LCLWidgetType)"/>
          </SearchPaths>
          <Parsing>
            <SyntaxOptions>
              <IncludeAssertionCode Value="True"/>
            </SyntaxOptions>
          </Parsing>
          <CodeGeneration>
            <SmartLinkUnit Value="True"/>
            <RelocatableUnit Value="True"/>
            <Checks>
              <IOChecks Value="True"/>
            </Checks>
            <Optimizations>
              <OptimizationLevel Value="3"/>
            </Optimizations>
            <SmallerCode Value="True"/>
          </CodeGeneration>
          <Linking>
            <Debugging>
              <DebugInfoType Value="dsDwarf2Set"/>
              <UseLineInfoUnit Value="False"/>
              <UseExternalDbgSyms Value="True"/>
            </Debugging>
            <Options>
              <PassLinkerOptions Value="True"/>
              <Win32>
                <GraphicApplication Value="True"/>
              </Win32>
            </Options>
          </Linking>
          <Other>
            <CustomOptions Value="-drelease"/>
          </Other>
        </CompilerOptions>
      </Item5>
      <Item6 Name="Alpha64">
        <CompilerOptions>
          <Version Value="11"/>
          <Target>
            <Filename Value="../$(TargetOS)/awgg"/>
          </Target>
          <SearchPaths>
            <IncludeFiles Value="$(ProjOutDir)"/>
            <Libraries Value="/usr/lib/codetyphon/binLibraries/x86_64-linux-qt4"/>
            <UnitOutputDirectory Value="lib/$(TargetCPU)-$(TargetOS)"/>
          </SearchPaths>
          <CodeGeneration>
            <SmartLinkUnit Value="True"/>
            <TargetCPU Value="x86_64"/>
            <Optimizations>
              <OptimizationLevel Value="3"/>
            </Optimizations>
            <SmallerCode Value="True"/>
          </CodeGeneration>
          <Linking>
            <Debugging>
              <GenerateDebugInfo Value="False"/>
            </Debugging>
            <LinkSmart Value="True"/>
            <Options>
              <Win32>
                <GraphicApplication Value="True"/>
              </Win32>
            </Options>
          </Linking>
          <Other>
            <CustomOptions Value="-dalpha64"/>
            <ExecuteBefore>
              <Command Value="$(SrcOS)-versionitis -verbose"/>
            </ExecuteBefore>
          </Other>
        </CompilerOptions>
      </Item6>
      <Item7 Name="Beta64">
        <CompilerOptions>
          <Version Value="11"/>
          <Target>
            <Filename Value="../$(TargetOS)/awgg"/>
          </Target>
          <SearchPaths>
            <IncludeFiles Value="$(ProjOutDir)"/>
            <Libraries Value="C:/codetyphon/binLibraries/x86_64-linux/;C:/codetyphon/binLibraries/x86_64-linux-qt4/"/>
            <UnitOutputDirectory Value="lib/$(TargetCPU)-$(TargetOS)"/>
          </SearchPaths>
          <CodeGeneration>
            <SmartLinkUnit Value="True"/>
            <TargetCPU Value="x86_64"/>
            <Optimizations>
              <OptimizationLevel Value="3"/>
            </Optimizations>
            <SmallerCode Value="True"/>
          </CodeGeneration>
          <Linking>
            <Debugging>
              <GenerateDebugInfo Value="False"/>
            </Debugging>
            <LinkSmart Value="True"/>
            <Options>
              <Win32>
                <GraphicApplication Value="True"/>
              </Win32>
            </Options>
          </Linking>
          <Other>
            <CustomOptions Value="-dbeta64"/>
            <ExecuteBefore>
              <Command Value="$(SrcOS)-versionitis -verbose"/>
              <CompileReasons Compile="False" Build="False" Run="False"/>
            </ExecuteBefore>
          </Other>
        </CompilerOptions>
      </Item7>
      <Item8 Name="Release64">
        <CompilerOptions>
          <Version Value="11"/>
          <Target>
            <Filename Value="../$(TargetOS)/awgg"/>
          </Target>
          <SearchPaths>
            <IncludeFiles Value="$(ProjOutDir)"/>
            <Libraries Value="/usr/lib/codetyphon/binLibraries/x86_64-linux;/usr/lib/codetyphon/binLibraries/x86_64-linux-qt4"/>
            <UnitOutputDirectory Value="lib/$(TargetCPU)-$(TargetOS)"/>
          </SearchPaths>
          <CodeGeneration>
            <SmartLinkUnit Value="True"/>
            <TargetCPU Value="x86_64"/>
            <Optimizations>
              <OptimizationLevel Value="3"/>
            </Optimizations>
            <SmallerCode Value="True"/>
          </CodeGeneration>
          <Linking>
            <Debugging>
              <GenerateDebugInfo Value="False"/>
            </Debugging>
            <LinkSmart Value="True"/>
            <Options>
              <Win32>
                <GraphicApplication Value="True"/>
              </Win32>
            </Options>
          </Linking>
          <Other>
            <Verbosity>
              <ShowHintsForSenderNotUsed Value="True"/>
            </Verbosity>
            <CustomOptions Value="-drelease64"/>
          </Other>
        </CompilerOptions>
      </Item8>
      <Item9 Name="Alpha64-GTK3">
        <MacroValues Count="1">
          <Macro6 Name="LCLWidgetType" Value="gtk3"/>
        </MacroValues>
        <CompilerOptions>
          <Version Value="11"/>
          <Target>
            <Filename Value="../$(TargetOS)/awgg"/>
          </Target>
          <SearchPaths>
            <IncludeFiles Value="$(ProjOutDir)"/>
            <Libraries Value="/usr/lib/codetyphon/binLibraries/x86_64-linux-gtk3"/>
            <UnitOutputDirectory Value="lib/$(TargetCPU)-$(TargetOS)"/>
          </SearchPaths>
          <CodeGeneration>
            <SmartLinkUnit Value="True"/>
            <TargetCPU Value="x86_64"/>
            <Optimizations>
              <OptimizationLevel Value="3"/>
            </Optimizations>
            <SmallerCode Value="True"/>
          </CodeGeneration>
          <Linking>
            <LinkSmart Value="True"/>
            <Options>
              <Win32>
                <GraphicApplication Value="True"/>
              </Win32>
            </Options>
          </Linking>
          <Other>
            <CustomOptions Value="-dalpha64"/>
            <ExecuteBefore>
              <Command Value="$(SrcOS)-versionitis -verbose"/>
            </ExecuteBefore>
          </Other>
        </CompilerOptions>
      </Item9>
      <Item10 Name="Alpha64-QT">
        <MacroValues Count="1">
          <Macro7 Name="LCLWidgetType" Value="qt"/>
        </MacroValues>
        <CompilerOptions>
          <Version Value="11"/>
          <Target>
            <Filename Value="../$(TargetOS)/awgg"/>
          </Target>
          <SearchPaths>
            <IncludeFiles Value="$(ProjOutDir)"/>
            <UnitOutputDirectory Value="lib/$(TargetCPU)-$(TargetOS)"/>
          </SearchPaths>
          <Parsing>
            <SyntaxOptions>
              <IncludeAssertionCode Value="True"/>
            </SyntaxOptions>
          </Parsing>
          <CodeGeneration>
            <Checks>
              <IOChecks Value="True"/>
              <RangeChecks Value="True"/>
              <OverflowChecks Value="True"/>
              <StackChecks Value="True"/>
            </Checks>
            <TargetCPU Value="x86_64"/>
            <Optimizations>
              <OptimizationLevel Value="0"/>
            </Optimizations>
          </CodeGeneration>
          <Linking>
            <Debugging>
              <DebugInfoType Value="dsDwarf2Set"/>
              <UseHeaptrc Value="True"/>
              <UseExternalDbgSyms Value="True"/>
            </Debugging>
          </Linking>
          <Other>
            <ExecuteBefore>
              <Command Value="$(SrcOS)-versionitis -verbose"/>
            </ExecuteBefore>
          </Other>
        </CompilerOptions>
      </Item10>
      <Item11 Name="Beta-QT5">
        <MacroValues Count="1">
          <Macro8 Name="LCLWidgetType" Value="qt5"/>
        </MacroValues>
        <CompilerOptions>
          <Version Value="11"/>
          <Target>
            <Filename Value="../awgg"/>
          </Target>
          <SearchPaths>
            <IncludeFiles Value="$(ProjOutDir)"/>
            <UnitOutputDirectory Value="../units/$(TargetCPU)-$(TargetOS)-$(LCLWidgetType)"/>
          </SearchPaths>
          <Parsing>
            <SyntaxOptions>
              <IncludeAssertionCode Value="True"/>
            </SyntaxOptions>
          </Parsing>
          <CodeGeneration>
            <Checks>
              <IOChecks Value="True"/>
            </Checks>
            <Optimizations>
              <OptimizationLevel Value="2"/>
            </Optimizations>
          </CodeGeneration>
          <Linking>
            <Debugging>
              <DebugInfoType Value="dsDwarf2Set"/>
              <UseLineInfoUnit Value="False"/>
              <UseExternalDbgSyms Value="True"/>
            </Debugging>
            <Options>
              <PassLinkerOptions Value="True"/>
              <Win32>
                <GraphicApplication Value="True"/>
              </Win32>
            </Options>
          </Linking>
          <Other>
            <CustomOptions Value="-dbeta"/>
            <ExecuteBefore>
              <Command Value="$(SrcOS)-versionitis -verbose"/>
              <CompileReasons Compile="False" Build="False" Run="False"/>
            </ExecuteBefore>
          </Other>
        </CompilerOptions>
      </Item11>
      <Item12 Name="alphacustomdraw">
        <MacroValues Count="1">
          <Macro11 Name="LCLWidgetType" Value="customdrawn"/>
        </MacroValues>
        <CompilerOptions>
          <Version Value="11"/>
          <Target>
            <Filename Value="../$(TargetOS)/awgg"/>
          </Target>
          <SearchPaths>
            <IncludeFiles Value="$(ProjOutDir)"/>
            <Libraries Value="/usr/lib/codetyphon/binLibraries/i386-linux-qt4"/>
            <UnitOutputDirectory Value="lib/$(TargetCPU)-$(TargetOS)"/>
          </SearchPaths>
          <CodeGeneration>
            <SmartLinkUnit Value="True"/>
            <Optimizations>
              <OptimizationLevel Value="3"/>
            </Optimizations>
            <SmallerCode Value="True"/>
          </CodeGeneration>
          <Linking>
            <Debugging>
              <GenerateDebugInfo Value="False"/>
            </Debugging>
            <LinkSmart Value="True"/>
            <Options>
              <Win32>
                <GraphicApplication Value="True"/>
              </Win32>
            </Options>
          </Linking>
          <Other>
            <CustomOptions Value="-dbeta"/>
            <ExecuteBefore>
              <Command Value="$(SrcOS)-versionitis -verbose"/>
            </ExecuteBefore>
          </Other>
        </CompilerOptions>
      </Item12>
      <Item13 Name="Release-QT5">
        <MacroValues Count="1">
          <Macro12 Name="LCLWidgetType" Value="qt5"/>
        </MacroValues>
        <CompilerOptions>
          <Version Value="11"/>
          <Target>
            <Filename Value="../awgg"/>
          </Target>
          <SearchPaths>
            <IncludeFiles Value="$(ProjOutDir)"/>
            <UnitOutputDirectory Value="../units/$(TargetCPU)-$(TargetOS)-$(LCLWidgetType)"/>
          </SearchPaths>
          <Parsing>
            <SyntaxOptions>
              <IncludeAssertionCode Value="True"/>
            </SyntaxOptions>
          </Parsing>
          <CodeGeneration>
            <SmartLinkUnit Value="True"/>
            <RelocatableUnit Value="True"/>
            <Checks>
              <IOChecks Value="True"/>
            </Checks>
            <TargetCPU Value="i386"/>
            <Optimizations>
              <OptimizationLevel Value="3"/>
            </Optimizations>
            <SmallerCode Value="True"/>
          </CodeGeneration>
          <Linking>
            <Debugging>
              <DebugInfoType Value="dsDwarf2Set"/>
              <UseLineInfoUnit Value="False"/>
              <UseExternalDbgSyms Value="True"/>
            </Debugging>
            <Options>
              <PassLinkerOptions Value="True"/>
              <Win32>
                <GraphicApplication Value="True"/>
              </Win32>
            </Options>
          </Linking>
          <Other>
            <CustomOptions Value="-drelease"/>
            <ExecuteBefore>
              <Command Value="$(SrcOS)-versionitis -verbose"/>
              <CompileReasons Compile="False" Build="False" Run="False"/>
            </ExecuteBefore>
          </Other>
        </CompilerOptions>
      </Item13>
      <SharedMatrixOptions Count="13">
        <Item1 ID="262970800232" Type="IDEMacro" MacroName="LCLWidgetType" Value="gtk2"/>
        <Item2 ID="292782621389" Type="IDEMacro" MacroName="LCLWidgetType" Value="qt"/>
        <Item3 ID="321585814677" Type="IDEMacro" MacroName="LCLWidgetType" Value="carbon"/>
        <Item4 ID="243018807025" Type="IDEMacro" MacroName="LCLWidgetType" Value="cocoa"/>
        <Item5 ID="952727043054" Type="IDEMacro" MacroName="LCLWidgetType" Value="gtk"/>
        <Item6 ID="325016516933" Modes="Alpha64-GTK3" Type="IDEMacro" MacroName="LCLWidgetType" Value="gtk3"/>
        <Item7 ID="659138796814" Modes="Alpha64-QT" Type="IDEMacro" MacroName="LCLWidgetType" Value="qt"/>
        <Item8 ID="380185753670" Modes="Beta-QT5" Type="IDEMacro" MacroName="LCLWidgetType" Value="qt5"/>
        <Item9 ID="916445091724" Type="IDEMacro" MacroName="LCLWidgetType" Value="qt"/>
        <Item10 ID="643534335870" Type="IDEMacro" MacroName="LCLWidgetType" Value="qt5"/>
        <Item11 ID="412440179373" Modes="alphacustomdraw" Type="IDEMacro" MacroName="LCLWidgetType" Value="customdrawn"/>
        <Item12 ID="730387114962" Modes="Release-QT5" Type="IDEMacro" MacroName="LCLWidgetType" Value="qt5"/>
        <Item13 ID="018964712839" Modes="Beta,Default,Debug,Alpha,Release,Alpha64,Beta64,Release64,Alpha64-GTK3,Alpha64-QT,Beta-QT5,alphacustomdraw,Release-QT5" Value="-dDisableUTF8RTL"/>
      </SharedMatrixOptions>
    </BuildModes>
    <PublishOptions>
      <Version Value="2"/>
    </PublishOptions>
    <RunParams>
      <local>
        <CommandLineParams Value="http://www.google.com/video.avi"/>
      </local>
      <FormatVersion Value="2"/>
      <Modes Count="1">
        <Mode0 Name="default">
          <local>
            <CommandLineParams Value="http://www.google.com/video.avi"/>
          </local>
        </Mode0>
      </Modes>
    </RunParams>
    <RequiredPackages Count="3">
      <Item1>
        <PackageName Value="DateTimeCtrls"/>
      </Item1>
      <Item2>
        <PackageName Value="SynEdit"/>
      </Item2>
      <Item3>
        <PackageName Value="LCL"/>
      </Item3>
    </RequiredPackages>
    <Units Count="15">
      <Unit0>
        <Filename Value="awgg.lpr"/>
        <IsPartOfProject Value="True"/>
      </Unit0>
      <Unit1>
        <Filename Value="fmain.pas"/>
        <IsPartOfProject Value="True"/>
        <ComponentName Value="frmain"/>
        <HasResources Value="True"/>
        <ResourceBaseClass Value="Form"/>
      </Unit1>
      <Unit2>
        <Filename Value="fnewdown.pas"/>
        <IsPartOfProject Value="True"/>
        <ComponentName Value="frnewdown"/>
        <HasResources Value="True"/>
        <ResourceBaseClass Value="Form"/>
      </Unit2>
      <Unit3>
        <Filename Value="fconfig.pas"/>
        <IsPartOfProject Value="True"/>
        <ComponentName Value="frconfig"/>
        <HasResources Value="True"/>
        <ResourceBaseClass Value="Form"/>
      </Unit3>
      <Unit4>
        <Filename Value="fabout.pas"/>
        <IsPartOfProject Value="True"/>
        <ComponentName Value="frabout"/>
        <HasResources Value="True"/>
        <ResourceBaseClass Value="Form"/>
      </Unit4>
      <Unit5>
        <Filename Value="flang.pas"/>
        <IsPartOfProject Value="True"/>
        <ComponentName Value="frlang"/>
        <HasResources Value="True"/>
        <ResourceBaseClass Value="Form"/>
      </Unit5>
      <Unit6>
        <Filename Value="fstrings.pas"/>
        <IsPartOfProject Value="True"/>
        <ComponentName Value="frstrings"/>
        <HasResources Value="True"/>
        <ResourceBaseClass Value="Form"/>
      </Unit6>
      <Unit7>
        <Filename Value="fconfirm.pas"/>
        <IsPartOfProject Value="True"/>
        <ComponentName Value="frconfirm"/>
        <HasResources Value="True"/>
        <ResourceBaseClass Value="Form"/>
      </Unit7>
      <Unit8>
        <Filename Value="freplace.pas"/>
        <IsPartOfProject Value="True"/>
        <ComponentName Value="frreplace"/>
        <HasResources Value="True"/>
        <ResourceBaseClass Value="Form"/>
      </Unit8>
      <Unit9>
        <Filename Value="fsitegrabber.pas"/>
        <IsPartOfProject Value="True"/>
        <ComponentName Value="frsitegrabber"/>
        <HasResources Value="True"/>
        <ResourceBaseClass Value="Form"/>
      </Unit9>
      <Unit10>
        <Filename Value="fadd.pas"/>
        <IsPartOfProject Value="True"/>
        <ComponentName Value="fradd"/>
        <HasResources Value="True"/>
        <ResourceBaseClass Value="Form"/>
      </Unit10>
      <Unit11>
        <Filename Value="fnotification.pas"/>
        <IsPartOfProject Value="True"/>
        <ComponentName Value="frnotification"/>
        <HasResources Value="True"/>
        <ResourceBaseClass Value="Form"/>
      </Unit11>
      <Unit12>
        <Filename Value="fcopymove.pas"/>
        <IsPartOfProject Value="True"/>
        <ComponentName Value="frcopymove"/>
        <HasResources Value="True"/>
        <ResourceBaseClass Value="Form"/>
      </Unit12>
      <Unit13>
        <Filename Value="fddbox.pas"/>
        <IsPartOfProject Value="True"/>
        <ComponentName Value="frddbox"/>
        <HasResources Value="True"/>
        <ResourceBaseClass Value="Form"/>
      </Unit13>
      <Unit14>
        <Filename Value="fvideoformat.pas"/>
        <IsPartOfProject Value="True"/>
        <ComponentName Value="frvideoformat"/>
        <HasResources Value="True"/>
        <ResourceBaseClass Value="Form"/>
      </Unit14>
    </Units>
  </ProjectOptions>
  <CompilerOptions>
    <Version Value="11"/>
    <Target>
      <Filename Value="../$(TargetOS)/awgg"/>
    </Target>
    <SearchPaths>
      <IncludeFiles Value="$(ProjOutDir)"/>
      <UnitOutputDirectory Value="lib/$(TargetCPU)-$(TargetOS)"/>
    </SearchPaths>
    <CodeGeneration>
      <SmartLinkUnit Value="True"/>
      <Optimizations>
        <OptimizationLevel Value="3"/>
      </Optimizations>
      <SmallerCode Value="True"/>
    </CodeGeneration>
    <Linking>
      <Debugging>
        <GenerateDebugInfo Value="False"/>
      </Debugging>
      <LinkSmart Value="True"/>
      <Options>
        <Win32>
          <GraphicApplication Value="True"/>
        </Win32>
      </Options>
    </Linking>
    <Other>
      <ExecuteBefore>
        <Command Value="$(SrcOS)-versionitis -verbose"/>
      </ExecuteBefore>
    </Other>
  </CompilerOptions>
</CONFIG>
