<?xml version="1.0" encoding="UTF-8"?>
<CONFIG>
  <ProjectOptions>
    <Version Value="9"/>
    <General>
      <SessionStorage Value="InProjectDir"/>
      <MainUnit Value="0"/>
      <Title Value="AWGG"/>
      <ResourceType Value="res"/>
      <UseXPManifest Value="True"/>
      <Icon Value="0"/>
    </General>
    <i18n>
      <EnableI18N Value="True"/>
      <OutDir Value="languages"/>
    </i18n>
    <VersionInfo>
      <UseVersionInfo Value="True"/>
      <AutoIncrementBuild Value="True"/>
      <MinorVersionNr Value="3"/>
      <RevisionNr Value="8"/>
      <BuildNr Value="2702"/>
      <StringTable Comments="Advanced WGet GUI" FileDescription="Advanced WGet GUI" InternalName="AWGG" LegalCopyright="Reinier Romero Mir 2015" OriginalFilename="awgg" ProductName="AWGG" ProductVersion=""/>
    </VersionInfo>
    <CustomData Count="13">
      <Item0 Name="lazpackager/copyright" Value="2015 Reinier Romero Mir"/>
      <Item1 Name="lazpackager/deb/ppa" Value="ppa:nenirey/nenirey"/>
      <Item2 Name="lazpackager/deb/series" Value="precise"/>
      <Item3 Name="lazpackager/deb/tpl_changelog" Value="?PACKAGE_NAME? (?FULLVERSION?) ?SERIES?; urgency=low

  * Original version ?VERSION? packaged with lazdebian

 -- ?MAINTAINER? &lt;?MAINTAINER_EMAIL?>  ?DATER?
"/>
      <Item4 Name="lazpackager/deb/tpl_control" Value="Source: ?PACKAGE_NAME?
Maintainer: ?MAINTAINER? &lt;?MAINTAINER_EMAIL?>
Section: net
Priority: optional
Standards-Version: 3.9.3
Build-Depends: fpc, lazarus, lcl, lcl-utils, debhelper (>= 8)

Package: ?PACKAGE_NAME?
Architecture: any
Depends: ${shlibs:Depends}, ${misc:Depends},
Description: ?DESCRIPTION?
 ?DESCRIPTION_LONG?
"/>
      <Item5 Name="lazpackager/deb/tpl_copyright" Value="Format: http://www.debian.org/doc/packaging-manuals/copyright-format/1.0/

Files: *
Copyright: ?COPYRIGHT?
License: GPL-2+
 This program is free software; you can redistribute it and/or modify
 it under the terms of the GNU General Public License as published by
 the Free Software Foundation; either version 2 of the License, or
 at your option) any later version.
 .
 This program is distributed in the hope that it will be useful,
 but WITHOUT ANY WARRANTY; without even the implied warranty of
 MERCHANTABILITY or FITNESS FOR A PARTICULAR PURPOSE. See the
 GNU General Public License for more details.
 .
 You should have received a copy of the GNU General Public License along
 with this program; if not, write to the Free Software Foundation, Inc.,
 51 Franklin Street, Fifth Floor, Boston, MA 02110-1301 USA.
 .
 On Debian systems, the full text of the GNU General Public
 License version 2 can be found in the file
 /usr/share/common-licenses/GPL-2
"/>
      <Item6 Name="lazpackager/deb/tpl_rules" Value="#!/usr/bin/make -f

ROOT = $(CURDIR)/debian/?PACKAGE_NAME?

override_dh_auto_clean:
	$(RM) -r lib
	$(RM) lib *.res ?EXECUTABLE?

override_dh_auto_build:
	lazbuild ?PROJECT?

override_dh_auto_install:
	install -d -m 755 $(ROOT)/usr/bin
	install -s -m 755 ?EXECUTABLE? $(ROOT)/usr/bin

%:
	dh $@
"/>
      <Item7 Name="lazpackager/description" Value="Download Manager."/>
      <Item8 Name="lazpackager/description_long" Value="AWGG is a cross platform download manager that uses the most popular downloads engines (text based) like wget, aria2, cURL and axel, AWGG is most that an frontend, is multiprocess, portable and simple, includes a programer, clipboard monitor and can be integrated to firefox with flashgot plugin."/>
      <Item9 Name="lazpackager/export_cmd" Value="?CP? *.lpi ?TEMPFOLDER?/
?CP? *.lpr ?TEMPFOLDER?/
?CP? *.pas ?TEMPFOLDER?/
?CP? *.lfm ?TEMPFOLDER?/
?CP? *.ico ?TEMPFOLDER?/
?CP? version ?TEMPFOLDER?/
?CP? languages -r ?TEMPFOLDER?/

"/>
      <Item10 Name="lazpackager/maintainer" Value="Reinier"/>
      <Item11 Name="lazpackager/maintainer_email" Value="nenirey@gmail.com"/>
      <Item12 Name="lazpackager/package_name" Value="awgg"/>
    </CustomData>
    <BuildModes Count="11">
      <Item1 Name="Default" Default="True"/>
      <Item2 Name="Debug">
        <CompilerOptions>
          <Version Value="11"/>
          <Target>
            <Filename Value="../$(TargetOS)/awgg"/>
          </Target>
          <SearchPaths>
            <IncludeFiles Value="$(ProjOutDir)"/>
            <UnitOutputDirectory Value="lib/$(TargetCPU)-$(TargetOS)"/>
          </SearchPaths>
          <Parsing>
            <SyntaxOptions>
              <IncludeAssertionCode Value="True"/>
            </SyntaxOptions>
          </Parsing>
          <CodeGeneration>
            <Checks>
              <IOChecks Value="True"/>
              <RangeChecks Value="True"/>
              <OverflowChecks Value="True"/>
              <StackChecks Value="True"/>
            </Checks>
            <Optimizations>
              <OptimizationLevel Value="0"/>
            </Optimizations>
          </CodeGeneration>
          <Linking>
            <Debugging>
              <DebugInfoType Value="dsDwarf2Set"/>
              <UseHeaptrc Value="True"/>
              <UseExternalDbgSyms Value="True"/>
            </Debugging>
          </Linking>
          <Other>
            <ExecuteBefore>
              <Command Value="$(SrcOS)-versionitis -verbose"/>
            </ExecuteBefore>
          </Other>
        </CompilerOptions>
      </Item2>
      <Item3 Name="Alpha">
        <CompilerOptions>
          <Version Value="11"/>
          <Target>
            <Filename Value="../$(TargetOS)/awgg"/>
          </Target>
          <SearchPaths>
            <IncludeFiles Value="$(ProjOutDir)"/>
            <Libraries Value="/usr/lib/codetyphon/binLibraries/i386-linux/;/usr/lib/codetyphon/binLibraries/i386-linux-qt4/"/>
            <UnitOutputDirectory Value="lib/$(TargetCPU)-$(TargetOS)"/>
          </SearchPaths>
          <CodeGeneration>
            <SmartLinkUnit Value="True"/>
            <Optimizations>
              <OptimizationLevel Value="3"/>
            </Optimizations>
            <SmallerCode Value="True"/>
          </CodeGeneration>
          <Linking>
            <Debugging>
              <GenerateDebugInfo Value="False"/>
            </Debugging>
            <LinkSmart Value="True"/>
            <Options>
              <LinkerOptions Value="-T"/>
              <Win32>
                <GraphicApplication Value="True"/>
              </Win32>
            </Options>
          </Linking>
          <Other>
            <CustomOptions Value="-dalpha"/>
            <ExecuteBefore>
              <Command Value="$(srcOS)-versionitis -verbose"/>
            </ExecuteBefore>
          </Other>
        </CompilerOptions>
      </Item3>
      <Item4 Name="Beta">
        <CompilerOptions>
          <Version Value="11"/>
          <Target>
            <Filename Value="../$(TargetOS)/awgg"/>
          </Target>
          <SearchPaths>
            <IncludeFiles Value="$(ProjOutDir)"/>
            <Libraries Value="C:/codetyphon/binLibraries/i386-linux"/>
            <UnitOutputDirectory Value="lib/$(TargetCPU)-$(TargetOS)"/>
          </SearchPaths>
          <CodeGeneration>
            <SmartLinkUnit Value="True"/>
            <Optimizations>
              <OptimizationLevel Value="3"/>
            </Optimizations>
            <SmallerCode Value="True"/>
          </CodeGeneration>
          <Linking>
            <Debugging>
              <GenerateDebugInfo Value="False"/>
            </Debugging>
            <LinkSmart Value="True"/>
            <Options>
              <Win32>
                <GraphicApplication Value="True"/>
              </Win32>
            </Options>
          </Linking>
          <Other>
            <CustomOptions Value="-dbeta"/>
            <ExecuteBefore>
              <Command Value="$(SrcOS)-versionitis -verbose"/>
            </ExecuteBefore>
          </Other>
        </CompilerOptions>
      </Item4>
      <Item5 Name="Release">
        <CompilerOptions>
          <Version Value="11"/>
          <Target>
            <Filename Value="awgg"/>
          </Target>
          <SearchPaths>
            <IncludeFiles Value="$(ProjOutDir)"/>
            <UnitOutputDirectory Value="lib/$(TargetCPU)-$(TargetOS)"/>
          </SearchPaths>
          <Parsing>
            <SyntaxOptions>
              <UseAnsiStrings Value="False"/>
            </SyntaxOptions>
          </Parsing>
          <CodeGeneration>
            <SmartLinkUnit Value="True"/>
            <Optimizations>
              <OptimizationLevel Value="3"/>
            </Optimizations>
            <SmallerCode Value="True"/>
          </CodeGeneration>
          <Linking>
            <Debugging>
              <GenerateDebugInfo Value="False"/>
            </Debugging>
            <LinkSmart Value="True"/>
            <Options>
              <Win32>
                <GraphicApplication Value="True"/>
              </Win32>
            </Options>
          </Linking>
          <Other>
            <Verbosity>
              <ShoLineNum Value="True"/>
              <ShowAll Value="True"/>
              <ShowDebugInfo Value="True"/>
              <ShowUsedFiles Value="True"/>
              <ShowTriedFiles Value="True"/>
              <ShowCompProc Value="True"/>
              <ShowCond Value="True"/>
              <ShowExecInfo Value="True"/>
              <ShowHintsForUnusedUnitsInMainSrc Value="True"/>
              <ShowHintsForSenderNotUsed Value="True"/>
            </Verbosity>
            <CustomOptions Value="-drelease"/>
          </Other>
        </CompilerOptions>
      </Item5>
      <Item6 Name="Alpha64">
        <CompilerOptions>
          <Version Value="11"/>
          <Target>
            <Filename Value="../$(TargetOS)/awgg"/>
          </Target>
          <SearchPaths>
            <IncludeFiles Value="$(ProjOutDir)"/>
            <Libraries Value="/usr/lib/codetyphon/binLibraries/x86_64-linux-qt4/"/>
            <UnitOutputDirectory Value="lib/$(TargetCPU)-$(TargetOS)"/>
          </SearchPaths>
          <CodeGeneration>
            <SmartLinkUnit Value="True"/>
            <TargetCPU Value="x86_64"/>
            <Optimizations>
              <OptimizationLevel Value="3"/>
            </Optimizations>
            <SmallerCode Value="True"/>
          </CodeGeneration>
          <Linking>
            <Debugging>
              <GenerateDebugInfo Value="False"/>
            </Debugging>
            <LinkSmart Value="True"/>
            <Options>
              <Win32>
                <GraphicApplication Value="True"/>
              </Win32>
            </Options>
          </Linking>
          <Other>
            <CustomOptions Value="-dalpha64"/>
            <ExecuteBefore>
              <Command Value="$(SrcOS)-versionitis -verbose"/>
            </ExecuteBefore>
          </Other>
        </CompilerOptions>
      </Item6>
      <Item7 Name="Beta64">
        <CompilerOptions>
          <Version Value="11"/>
          <Target>
            <Filename Value="../$(TargetOS)/awgg"/>
          </Target>
          <SearchPaths>
            <IncludeFiles Value="$(ProjOutDir)"/>
            <Libraries Value="/usr/lib/codetyphon/binLibraries/x86_64-linux/;/usr/lib/codetyphon/binLibraries/x86_64-linux-qt4/"/>
            <UnitOutputDirectory Value="lib/$(TargetCPU)-$(TargetOS)"/>
          </SearchPaths>
          <CodeGeneration>
            <SmartLinkUnit Value="True"/>
            <TargetCPU Value="x86_64"/>
            <Optimizations>
              <OptimizationLevel Value="3"/>
            </Optimizations>
            <SmallerCode Value="True"/>
          </CodeGeneration>
          <Linking>
            <Debugging>
              <GenerateDebugInfo Value="False"/>
            </Debugging>
            <LinkSmart Value="True"/>
            <Options>
              <Win32>
                <GraphicApplication Value="True"/>
              </Win32>
            </Options>
          </Linking>
          <Other>
            <CustomOptions Value="-dbeta64"/>
            <ExecuteBefore>
              <Command Value="$(SrcOS)-versionitis -verbose"/>
            </ExecuteBefore>
          </Other>
        </CompilerOptions>
      </Item7>
      <Item8 Name="Release64">
        <CompilerOptions>
          <Version Value="11"/>
          <Target>
            <Filename Value="../$(TargetOS)/awgg"/>
          </Target>
          <SearchPaths>
            <IncludeFiles Value="$(ProjOutDir)"/>
            <Libraries Value="/usr/lib/codetyphon/binLibraries/x86_64-linux/;/usr/lib/codetyphon/binLibraries/x86_64-linux-qt4/"/>
            <UnitOutputDirectory Value="lib/$(TargetCPU)-$(TargetOS)"/>
          </SearchPaths>
          <CodeGeneration>
            <SmartLinkUnit Value="True"/>
            <TargetCPU Value="x86_64"/>
            <Optimizations>
              <OptimizationLevel Value="3"/>
            </Optimizations>
            <SmallerCode Value="True"/>
          </CodeGeneration>
          <Linking>
            <Debugging>
              <GenerateDebugInfo Value="False"/>
            </Debugging>
            <LinkSmart Value="True"/>
            <Options>
              <Win32>
                <GraphicApplication Value="True"/>
              </Win32>
            </Options>
          </Linking>
          <Other>
            <Verbosity>
              <ShowHintsForSenderNotUsed Value="True"/>
            </Verbosity>
            <CustomOptions Value="-drelease64"/>
            <ExecuteBefore>
              <Command Value="$(SrcOS)-versionitis -verbose"/>
            </ExecuteBefore>
          </Other>
        </CompilerOptions>
      </Item8>
      <Item9 Name="Alpha64-GTK3">
        <MacroValues Count="1">
          <Macro6 Name="LCLWidgetType" Value="gtk3"/>
        </MacroValues>
        <CompilerOptions>
          <Version Value="11"/>
          <Target>
            <Filename Value="../$(TargetOS)/awgg"/>
          </Target>
          <SearchPaths>
            <IncludeFiles Value="$(ProjOutDir)"/>
            <Libraries Value="/usr/lib/codetyphon/binLibraries/x86_64-linux-gtk3/"/>
            <UnitOutputDirectory Value="lib/$(TargetCPU)-$(TargetOS)"/>
          </SearchPaths>
          <CodeGeneration>
            <SmartLinkUnit Value="True"/>
            <TargetCPU Value="x86_64"/>
            <Optimizations>
              <OptimizationLevel Value="3"/>
            </Optimizations>
            <SmallerCode Value="True"/>
          </CodeGeneration>
          <Linking>
            <LinkSmart Value="True"/>
            <Options>
              <Win32>
                <GraphicApplication Value="True"/>
              </Win32>
            </Options>
          </Linking>
          <Other>
            <CustomOptions Value="-dalpha64"/>
            <ExecuteBefore>
              <Command Value="$(SrcOS)-versionitis -verbose"/>
            </ExecuteBefore>
          </Other>
        </CompilerOptions>
      </Item9>
      <Item10 Name="Alpha64-QT">
        <MacroValues Count="1">
          <Macro7 Name="LCLWidgetType" Value="qt"/>
        </MacroValues>
        <CompilerOptions>
          <Version Value="11"/>
          <Target>
            <Filename Value="../$(TargetOS)/awgg"/>
          </Target>
          <SearchPaths>
            <IncludeFiles Value="$(ProjOutDir)"/>
            <UnitOutputDirectory Value="lib/$(TargetCPU)-$(TargetOS)"/>
          </SearchPaths>
          <Parsing>
            <SyntaxOptions>
              <IncludeAssertionCode Value="True"/>
            </SyntaxOptions>
          </Parsing>
          <CodeGeneration>
            <Checks>
              <IOChecks Value="True"/>
              <RangeChecks Value="True"/>
              <OverflowChecks Value="True"/>
              <StackChecks Value="True"/>
            </Checks>
            <TargetCPU Value="x86_64"/>
            <Optimizations>
              <OptimizationLevel Value="0"/>
            </Optimizations>
          </CodeGeneration>
          <Linking>
            <Debugging>
              <DebugInfoType Value="dsDwarf2Set"/>
              <UseHeaptrc Value="True"/>
              <UseExternalDbgSyms Value="True"/>
            </Debugging>
          </Linking>
          <Other>
            <ExecuteBefore>
              <Command Value="$(SrcOS)-versionitis -verbose"/>
            </ExecuteBefore>
          </Other>
        </CompilerOptions>
      </Item10>
      <Item11 Name="Alpha64-QT5">
        <MacroValues Count="1">
          <Macro8 Name="LCLWidgetType" Value="qt5"/>
        </MacroValues>
        <CompilerOptions>
          <Version Value="11"/>
          <Target>
            <Filename Value="../$(TargetOS)/awgg"/>
          </Target>
          <SearchPaths>
            <IncludeFiles Value="$(ProjOutDir)"/>
            <Libraries Value="/usr/lib/codetyphon/binLibraries/i386-linux/;/usr/lib/codetyphon/binLibraries/i386-linux-qt4/"/>
            <UnitOutputDirectory Value="lib/$(TargetCPU)-$(TargetOS)"/>
          </SearchPaths>
          <CodeGeneration>
            <SmartLinkUnit Value="True"/>
            <Optimizations>
              <OptimizationLevel Value="3"/>
            </Optimizations>
            <SmallerCode Value="True"/>
          </CodeGeneration>
          <Linking>
            <Debugging>
              <GenerateDebugInfo Value="False"/>
            </Debugging>
            <LinkSmart Value="True"/>
            <Options>
              <Win32>
                <GraphicApplication Value="True"/>
              </Win32>
            </Options>
          </Linking>
          <Other>
            <CustomOptions Value="-dbeta"/>
            <ExecuteBefore>
              <Command Value="$(SrcOS)-versionitis -verbose"/>
            </ExecuteBefore>
          </Other>
        </CompilerOptions>
      </Item11>
      <SharedMatrixOptions Count="8">
        <Item1 ID="262970800232" Type="IDEMacro" MacroName="LCLWidgetType" Value="gtk2"/>
        <Item2 ID="292782621389" Type="IDEMacro" MacroName="LCLWidgetType" Value="qt"/>
        <Item3 ID="321585814677" Type="IDEMacro" MacroName="LCLWidgetType" Value="carbon"/>
        <Item4 ID="243018807025" Type="IDEMacro" MacroName="LCLWidgetType" Value="cocoa"/>
        <Item5 ID="952727043054" Type="IDEMacro" MacroName="LCLWidgetType" Value="gtk"/>
        <Item6 ID="325016516933" Modes="Alpha64-GTK3" Type="IDEMacro" MacroName="LCLWidgetType" Value="gtk3"/>
        <Item7 ID="659138796814" Modes="Alpha64-QT" Type="IDEMacro" MacroName="LCLWidgetType" Value="qt"/>
        <Item8 ID="380185753670" Modes="Alpha64-QT5" Type="IDEMacro" MacroName="LCLWidgetType" Value="qt5"/>
      </SharedMatrixOptions>
    </BuildModes>
    <PublishOptions>
      <Version Value="2"/>
    </PublishOptions>
    <RunParams>
      <local>
        <FormatVersion Value="1"/>
      </local>
    </RunParams>
    <RequiredPackages Count="2">
      <Item1>
        <PackageName Value="SynEdit"/>
      </Item1>
      <Item2>
        <PackageName Value="LCL"/>
      </Item2>
    </RequiredPackages>
    <Units Count="11">
      <Unit0>
        <Filename Value="awgg.lpr"/>
        <IsPartOfProject Value="True"/>
      </Unit0>
      <Unit1>
        <Filename Value="unit1.pas"/>
        <IsPartOfProject Value="True"/>
        <ComponentName Value="Form1"/>
        <HasResources Value="True"/>
        <ResourceBaseClass Value="Form"/>
        <UnitName Value="Unit1"/>
      </Unit1>
      <Unit2>
        <Filename Value="unit2.pas"/>
        <IsPartOfProject Value="True"/>
        <ComponentName Value="Form2"/>
        <HasResources Value="True"/>
        <ResourceBaseClass Value="Form"/>
        <UnitName Value="Unit2"/>
      </Unit2>
      <Unit3>
        <Filename Value="unit3.pas"/>
        <IsPartOfProject Value="True"/>
        <ComponentName Value="Form3"/>
        <HasResources Value="True"/>
        <ResourceBaseClass Value="Form"/>
        <UnitName Value="Unit3"/>
      </Unit3>
      <Unit4>
        <Filename Value="unit4.pas"/>
        <IsPartOfProject Value="True"/>
        <ComponentName Value="Form4"/>
        <HasResources Value="True"/>
        <ResourceBaseClass Value="Form"/>
        <UnitName Value="Unit4"/>
      </Unit4>
      <Unit5>
        <Filename Value="unit5.pas"/>
        <IsPartOfProject Value="True"/>
        <ComponentName Value="Form5"/>
        <HasResources Value="True"/>
        <ResourceBaseClass Value="Form"/>
        <UnitName Value="Unit5"/>
      </Unit5>
      <Unit6>
        <Filename Value="unit6.pas"/>
        <IsPartOfProject Value="True"/>
        <ComponentName Value="rsForm"/>
        <HasResources Value="True"/>
        <ResourceBaseClass Value="Form"/>
        <UnitName Value="Unit6"/>
      </Unit6>
      <Unit7>
        <Filename Value="unit7.pas"/>
        <IsPartOfProject Value="True"/>
        <ComponentName Value="dlgForm"/>
        <HasResources Value="True"/>
        <ResourceBaseClass Value="Form"/>
        <UnitName Value="Unit7"/>
      </Unit7>
      <Unit8>
        <Filename Value="unit8.pas"/>
        <IsPartOfProject Value="True"/>
        <ComponentName Value="Form6"/>
        <HasResources Value="True"/>
        <ResourceBaseClass Value="Form"/>
        <UnitName Value="Unit8"/>
      </Unit8>
      <Unit9>
        <Filename Value="unit9.pas"/>
        <IsPartOfProject Value="True"/>
        <ComponentName Value="Form7"/>
        <HasResources Value="True"/>
        <ResourceBaseClass Value="Form"/>
        <UnitName Value="Unit9"/>
      </Unit9>
      <Unit10>
        <Filename Value="unit10.pas"/>
        <IsPartOfProject Value="True"/>
        <ComponentName Value="Form8"/>
        <HasResources Value="True"/>
        <ResourceBaseClass Value="Form"/>
        <UnitName Value="Unit10"/>
      </Unit10>
    </Units>
  </ProjectOptions>
  <CompilerOptions>
    <Version Value="11"/>
    <Target>
      <Filename Value="../$(TargetOS)/awgg"/>
    </Target>
    <SearchPaths>
      <IncludeFiles Value="$(ProjOutDir)"/>
      <UnitOutputDirectory Value="lib/$(TargetCPU)-$(TargetOS)"/>
    </SearchPaths>
    <CodeGeneration>
      <SmartLinkUnit Value="True"/>
      <Optimizations>
        <OptimizationLevel Value="3"/>
      </Optimizations>
      <SmallerCode Value="True"/>
    </CodeGeneration>
    <Linking>
      <Debugging>
        <GenerateDebugInfo Value="False"/>
      </Debugging>
      <LinkSmart Value="True"/>
      <Options>
        <Win32>
          <GraphicApplication Value="True"/>
        </Win32>
      </Options>
    </Linking>
  </CompilerOptions>
  <Debugging>
    <Exceptions Count="7">
      <Item1>
        <Name Value="EAbort"/>
      </Item1>
      <Item2>
        <Name Value="ECodetoolError"/>
      </Item2>
      <Item3>
        <Name Value="EFOpenError"/>
      </Item3>
      <Item4>
        <Name Value="EInOutError"/>
      </Item4>
      <Item5>
        <Name Value="RunError(5)"/>
      </Item5>
      <Item6>
        <Name Value="RunError(103)"/>
      </Item6>
      <Item7>
        <Name Value="ERangeError"/>
      </Item7>
    </Exceptions>
  </Debugging>
</CONFIG>
